// !$*UTF8*$!
{
	archiveVersion = 1;
	classes = {
	};
	objectVersion = 56;
	objects = {

/* Begin PBXBuildFile section */
		1AB2823F2C41AF24006A8AFD /* githubtutApp.swift in Sources */ = {isa = PBXBuildFile; fileRef = 1AB2823E2C41AF24006A8AFD /* githubtutApp.swift */; };
		1AB282412C41AF25006A8AFD /* ContentView.swift in Sources */ = {isa = PBXBuildFile; fileRef = 1AB282402C41AF25006A8AFD /* ContentView.swift */; };
		1AB282432C41AF2D006A8AFD /* Assets.xcassets in Resources */ = {isa = PBXBuildFile; fileRef = 1AB282422C41AF2D006A8AFD /* Assets.xcassets */; };
		1AB282462C41AF2D006A8AFD /* Preview Assets.xcassets in Resources */ = {isa = PBXBuildFile; fileRef = 1AB282452C41AF2D006A8AFD /* Preview Assets.xcassets */; };
		1AB282502C41AF2E006A8AFD /* githubtutTests.swift in Sources */ = {isa = PBXBuildFile; fileRef = 1AB2824F2C41AF2E006A8AFD /* githubtutTests.swift */; };
		1AB2825A2C41AF2E006A8AFD /* githubtutUITests.swift in Sources */ = {isa = PBXBuildFile; fileRef = 1AB282592C41AF2E006A8AFD /* githubtutUITests.swift */; };
		1AB2825C2C41AF2E006A8AFD /* githubtutUITestsLaunchTests.swift in Sources */ = {isa = PBXBuildFile; fileRef = 1AB2825B2C41AF2E006A8AFD /* githubtutUITestsLaunchTests.swift */; };
/* End PBXBuildFile section */

/* Begin PBXContainerItemProxy section */
		1AB2824C2C41AF2E006A8AFD /* PBXContainerItemProxy */ = {
			isa = PBXContainerItemProxy;
			containerPortal = 1AB282332C41AF24006A8AFD /* Project object */;
			proxyType = 1;
			remoteGlobalIDString = 1AB2823A2C41AF24006A8AFD;
			remoteInfo = githubtut;
		};
		1AB282562C41AF2E006A8AFD /* PBXContainerItemProxy */ = {
			isa = PBXContainerItemProxy;
			containerPortal = 1AB282332C41AF24006A8AFD /* Project object */;
			proxyType = 1;
			remoteGlobalIDString = 1AB2823A2C41AF24006A8AFD;
			remoteInfo = githubtut;
		};
/* End PBXContainerItemProxy section */

/* Begin PBXFileReference section */
		1AB2823B2C41AF24006A8AFD /* githubtut.app */ = {isa = PBXFileReference; explicitFileType = wrapper.application; includeInIndex = 0; path = githubtut.app; sourceTree = BUILT_PRODUCTS_DIR; };
		1AB2823E2C41AF24006A8AFD /* githubtutApp.swift */ = {isa = PBXFileReference; lastKnownFileType = sourcecode.swift; path = githubtutApp.swift; sourceTree = "<group>"; };
		1AB282402C41AF25006A8AFD /* ContentView.swift */ = {isa = PBXFileReference; lastKnownFileType = sourcecode.swift; path = ContentView.swift; sourceTree = "<group>"; };
		1AB282422C41AF2D006A8AFD /* Assets.xcassets */ = {isa = PBXFileReference; lastKnownFileType = folder.assetcatalog; path = Assets.xcassets; sourceTree = "<group>"; };
		1AB282452C41AF2D006A8AFD /* Preview Assets.xcassets */ = {isa = PBXFileReference; lastKnownFileType = folder.assetcatalog; path = "Preview Assets.xcassets"; sourceTree = "<group>"; };
		1AB2824B2C41AF2E006A8AFD /* githubtutTests.xctest */ = {isa = PBXFileReference; explicitFileType = wrapper.cfbundle; includeInIndex = 0; path = githubtutTests.xctest; sourceTree = BUILT_PRODUCTS_DIR; };
		1AB2824F2C41AF2E006A8AFD /* githubtutTests.swift */ = {isa = PBXFileReference; lastKnownFileType = sourcecode.swift; path = githubtutTests.swift; sourceTree = "<group>"; };
		1AB282552C41AF2E006A8AFD /* githubtutUITests.xctest */ = {isa = PBXFileReference; explicitFileType = wrapper.cfbundle; includeInIndex = 0; path = githubtutUITests.xctest; sourceTree = BUILT_PRODUCTS_DIR; };
		1AB282592C41AF2E006A8AFD /* githubtutUITests.swift */ = {isa = PBXFileReference; lastKnownFileType = sourcecode.swift; path = githubtutUITests.swift; sourceTree = "<group>"; };
		1AB2825B2C41AF2E006A8AFD /* githubtutUITestsLaunchTests.swift */ = {isa = PBXFileReference; lastKnownFileType = sourcecode.swift; path = githubtutUITestsLaunchTests.swift; sourceTree = "<group>"; };
/* End PBXFileReference section */

/* Begin PBXFrameworksBuildPhase section */
		1AB282382C41AF24006A8AFD /* Frameworks */ = {
			isa = PBXFrameworksBuildPhase;
			buildActionMask = 2147483647;
			files = (
			);
			runOnlyForDeploymentPostprocessing = 0;
		};
		1AB282482C41AF2E006A8AFD /* Frameworks */ = {
			isa = PBXFrameworksBuildPhase;
			buildActionMask = 2147483647;
			files = (
			);
			runOnlyForDeploymentPostprocessing = 0;
		};
		1AB282522C41AF2E006A8AFD /* Frameworks */ = {
			isa = PBXFrameworksBuildPhase;
			buildActionMask = 2147483647;
			files = (
			);
			runOnlyForDeploymentPostprocessing = 0;
		};
/* End PBXFrameworksBuildPhase section */

/* Begin PBXGroup section */
		1AB282322C41AF24006A8AFD = {
			isa = PBXGroup;
			children = (
				1AB2823D2C41AF24006A8AFD /* githubtut */,
				1AB2824E2C41AF2E006A8AFD /* githubtutTests */,
				1AB282582C41AF2E006A8AFD /* githubtutUITests */,
				1AB2823C2C41AF24006A8AFD /* Products */,
			);
			sourceTree = "<group>";
		};
		1AB2823C2C41AF24006A8AFD /* Products */ = {
			isa = PBXGroup;
			children = (
				1AB2823B2C41AF24006A8AFD /* githubtut.app */,
				1AB2824B2C41AF2E006A8AFD /* githubtutTests.xctest */,
				1AB282552C41AF2E006A8AFD /* githubtutUITests.xctest */,
			);
			name = Products;
			sourceTree = "<group>";
		};
		1AB2823D2C41AF24006A8AFD /* githubtut */ = {
			isa = PBXGroup;
			children = (
				1AB2823E2C41AF24006A8AFD /* githubtutApp.swift */,
				1AB282402C41AF25006A8AFD /* ContentView.swift */,
				1AB282422C41AF2D006A8AFD /* Assets.xcassets */,
				1AB282442C41AF2D006A8AFD /* Preview Content */,
			);
			path = githubtut;
			sourceTree = "<group>";
		};
		1AB282442C41AF2D006A8AFD /* Preview Content */ = {
			isa = PBXGroup;
			children = (
				1AB282452C41AF2D006A8AFD /* Preview Assets.xcassets */,
			);
			path = "Preview Content";
			sourceTree = "<group>";
		};
		1AB2824E2C41AF2E006A8AFD /* githubtutTests */ = {
			isa = PBXGroup;
			children = (
				1AB2824F2C41AF2E006A8AFD /* githubtutTests.swift */,
			);
			path = githubtutTests;
			sourceTree = "<group>";
		};
		1AB282582C41AF2E006A8AFD /* githubtutUITests */ = {
			isa = PBXGroup;
			children = (
				1AB282592C41AF2E006A8AFD /* githubtutUITests.swift */,
				1AB2825B2C41AF2E006A8AFD /* githubtutUITestsLaunchTests.swift */,
			);
			path = githubtutUITests;
			sourceTree = "<group>";
		};
/* End PBXGroup section */

/* Begin PBXNativeTarget section */
		1AB2823A2C41AF24006A8AFD /* githubtut */ = {
			isa = PBXNativeTarget;
			buildConfigurationList = 1AB2825F2C41AF2E006A8AFD /* Build configuration list for PBXNativeTarget "githubtut" */;
			buildPhases = (
				1AB282372C41AF24006A8AFD /* Sources */,
				1AB282382C41AF24006A8AFD /* Frameworks */,
				1AB282392C41AF24006A8AFD /* Resources */,
			);
			buildRules = (
			);
			dependencies = (
			);
			name = githubtut;
			productName = githubtut;
			productReference = 1AB2823B2C41AF24006A8AFD /* githubtut.app */;
			productType = "com.apple.product-type.application";
		};
		1AB2824A2C41AF2E006A8AFD /* githubtutTests */ = {
			isa = PBXNativeTarget;
			buildConfigurationList = 1AB282622C41AF2E006A8AFD /* Build configuration list for PBXNativeTarget "githubtutTests" */;
			buildPhases = (
				1AB282472C41AF2E006A8AFD /* Sources */,
				1AB282482C41AF2E006A8AFD /* Frameworks */,
				1AB282492C41AF2E006A8AFD /* Resources */,
			);
			buildRules = (
			);
			dependencies = (
				1AB2824D2C41AF2E006A8AFD /* PBXTargetDependency */,
			);
			name = githubtutTests;
			productName = githubtutTests;
			productReference = 1AB2824B2C41AF2E006A8AFD /* githubtutTests.xctest */;
			productType = "com.apple.product-type.bundle.unit-test";
		};
		1AB282542C41AF2E006A8AFD /* githubtutUITests */ = {
			isa = PBXNativeTarget;
			buildConfigurationList = 1AB282652C41AF2E006A8AFD /* Build configuration list for PBXNativeTarget "githubtutUITests" */;
			buildPhases = (
				1AB282512C41AF2E006A8AFD /* Sources */,
				1AB282522C41AF2E006A8AFD /* Frameworks */,
				1AB282532C41AF2E006A8AFD /* Resources */,
			);
			buildRules = (
			);
			dependencies = (
				1AB282572C41AF2E006A8AFD /* PBXTargetDependency */,
			);
			name = githubtutUITests;
			productName = githubtutUITests;
			productReference = 1AB282552C41AF2E006A8AFD /* githubtutUITests.xctest */;
			productType = "com.apple.product-type.bundle.ui-testing";
		};
/* End PBXNativeTarget section */

/* Begin PBXProject section */
		1AB282332C41AF24006A8AFD /* Project object */ = {
			isa = PBXProject;
			attributes = {
				BuildIndependentTargetsInParallel = 1;
				LastSwiftUpdateCheck = 1540;
				LastUpgradeCheck = 1540;
				TargetAttributes = {
					1AB2823A2C41AF24006A8AFD = {
						CreatedOnToolsVersion = 15.4;
					};
					1AB2824A2C41AF2E006A8AFD = {
						CreatedOnToolsVersion = 15.4;
						TestTargetID = 1AB2823A2C41AF24006A8AFD;
					};
					1AB282542C41AF2E006A8AFD = {
						CreatedOnToolsVersion = 15.4;
						TestTargetID = 1AB2823A2C41AF24006A8AFD;
					};
				};
			};
			buildConfigurationList = 1AB282362C41AF24006A8AFD /* Build configuration list for PBXProject "githubtut" */;
			compatibilityVersion = "Xcode 14.0";
			developmentRegion = en;
			hasScannedForEncodings = 0;
			knownRegions = (
				en,
				Base,
			);
			mainGroup = 1AB282322C41AF24006A8AFD;
			productRefGroup = 1AB2823C2C41AF24006A8AFD /* Products */;
			projectDirPath = "";
			projectRoot = "";
			targets = (
				1AB2823A2C41AF24006A8AFD /* githubtut */,
				1AB2824A2C41AF2E006A8AFD /* githubtutTests */,
				1AB282542C41AF2E006A8AFD /* githubtutUITests */,
			);
		};
/* End PBXProject section */

/* Begin PBXResourcesBuildPhase section */
		1AB282392C41AF24006A8AFD /* Resources */ = {
			isa = PBXResourcesBuildPhase;
			buildActionMask = 2147483647;
			files = (
				1AB282462C41AF2D006A8AFD /* Preview Assets.xcassets in Resources */,
				1AB282432C41AF2D006A8AFD /* Assets.xcassets in Resources */,
			);
			runOnlyForDeploymentPostprocessing = 0;
		};
		1AB282492C41AF2E006A8AFD /* Resources */ = {
			isa = PBXResourcesBuildPhase;
			buildActionMask = 2147483647;
			files = (
			);
			runOnlyForDeploymentPostprocessing = 0;
		};
		1AB282532C41AF2E006A8AFD /* Resources */ = {
			isa = PBXResourcesBuildPhase;
			buildActionMask = 2147483647;
			files = (
			);
			runOnlyForDeploymentPostprocessing = 0;
		};
/* End PBXResourcesBuildPhase section */

/* Begin PBXSourcesBuildPhase section */
		1AB282372C41AF24006A8AFD /* Sources */ = {
			isa = PBXSourcesBuildPhase;
			buildActionMask = 2147483647;
			files = (
				1AB282412C41AF25006A8AFD /* ContentView.swift in Sources */,
				1AB2823F2C41AF24006A8AFD /* githubtutApp.swift in Sources */,
			);
			runOnlyForDeploymentPostprocessing = 0;
		};
		1AB282472C41AF2E006A8AFD /* Sources */ = {
			isa = PBXSourcesBuildPhase;
			buildActionMask = 2147483647;
			files = (
				1AB282502C41AF2E006A8AFD /* githubtutTests.swift in Sources */,
			);
			runOnlyForDeploymentPostprocessing = 0;
		};
		1AB282512C41AF2E006A8AFD /* Sources */ = {
			isa = PBXSourcesBuildPhase;
			buildActionMask = 2147483647;
			files = (
				1AB2825A2C41AF2E006A8AFD /* githubtutUITests.swift in Sources */,
				1AB2825C2C41AF2E006A8AFD /* githubtutUITestsLaunchTests.swift in Sources */,
			);
			runOnlyForDeploymentPostprocessing = 0;
		};
/* End PBXSourcesBuildPhase section */

/* Begin PBXTargetDependency section */
		1AB2824D2C41AF2E006A8AFD /* PBXTargetDependency */ = {
			isa = PBXTargetDependency;
			target = 1AB2823A2C41AF24006A8AFD /* githubtut */;
			targetProxy = 1AB2824C2C41AF2E006A8AFD /* PBXContainerItemProxy */;
		};
		1AB282572C41AF2E006A8AFD /* PBXTargetDependency */ = {
			isa = PBXTargetDependency;
			target = 1AB2823A2C41AF24006A8AFD /* githubtut */;
			targetProxy = 1AB282562C41AF2E006A8AFD /* PBXContainerItemProxy */;
		};
/* End PBXTargetDependency section */

/* Begin XCBuildConfiguration section */
		1AB2825D2C41AF2E006A8AFD /* Debug */ = {
			isa = XCBuildConfiguration;
			buildSettings = {
				ALWAYS_SEARCH_USER_PATHS = NO;
				ASSETCATALOG_COMPILER_GENERATE_SWIFT_ASSET_SYMBOL_EXTENSIONS = YES;
				CLANG_ANALYZER_NONNULL = YES;
				CLANG_ANALYZER_NUMBER_OBJECT_CONVERSION = YES_AGGRESSIVE;
				CLANG_CXX_LANGUAGE_STANDARD = "gnu++20";
				CLANG_ENABLE_MODULES = YES;
				CLANG_ENABLE_OBJC_ARC = YES;
				CLANG_ENABLE_OBJC_WEAK = YES;
				CLANG_WARN_BLOCK_CAPTURE_AUTORELEASING = YES;
				CLANG_WARN_BOOL_CONVERSION = YES;
				CLANG_WARN_COMMA = YES;
				CLANG_WARN_CONSTANT_CONVERSION = YES;
				CLANG_WARN_DEPRECATED_OBJC_IMPLEMENTATIONS = YES;
				CLANG_WARN_DIRECT_OBJC_ISA_USAGE = YES_ERROR;
				CLANG_WARN_DOCUMENTATION_COMMENTS = YES;
				CLANG_WARN_EMPTY_BODY = YES;
				CLANG_WARN_ENUM_CONVERSION = YES;
				CLANG_WARN_INFINITE_RECURSION = YES;
				CLANG_WARN_INT_CONVERSION = YES;
				CLANG_WARN_NON_LITERAL_NULL_CONVERSION = YES;
				CLANG_WARN_OBJC_IMPLICIT_RETAIN_SELF = YES;
				CLANG_WARN_OBJC_LITERAL_CONVERSION = YES;
				CLANG_WARN_OBJC_ROOT_CLASS = YES_ERROR;
				CLANG_WARN_QUOTED_INCLUDE_IN_FRAMEWORK_HEADER = YES;
				CLANG_WARN_RANGE_LOOP_ANALYSIS = YES;
				CLANG_WARN_STRICT_PROTOTYPES = YES;
				CLANG_WARN_SUSPICIOUS_MOVE = YES;
				CLANG_WARN_UNGUARDED_AVAILABILITY = YES_AGGRESSIVE;
				CLANG_WARN_UNREACHABLE_CODE = YES;
				CLANG_WARN__DUPLICATE_METHOD_MATCH = YES;
				COPY_PHASE_STRIP = NO;
				DEBUG_INFORMATION_FORMAT = dwarf;
				ENABLE_STRICT_OBJC_MSGSEND = YES;
				ENABLE_TESTABILITY = YES;
				ENABLE_USER_SCRIPT_SANDBOXING = YES;
				GCC_C_LANGUAGE_STANDARD = gnu17;
				GCC_DYNAMIC_NO_PIC = NO;
				GCC_NO_COMMON_BLOCKS = YES;
				GCC_OPTIMIZATION_LEVEL = 0;
				GCC_PREPROCESSOR_DEFINITIONS = (
					"DEBUG=1",
					"$(inherited)",
				);
				GCC_WARN_64_TO_32_BIT_CONVERSION = YES;
				GCC_WARN_ABOUT_RETURN_TYPE = YES_ERROR;
				GCC_WARN_UNDECLARED_SELECTOR = YES;
				GCC_WARN_UNINITIALIZED_AUTOS = YES_AGGRESSIVE;
				GCC_WARN_UNUSED_FUNCTION = YES;
				GCC_WARN_UNUSED_VARIABLE = YES;
				IPHONEOS_DEPLOYMENT_TARGET = 17.5;
				LOCALIZATION_PREFERS_STRING_CATALOGS = YES;
				MTL_ENABLE_DEBUG_INFO = INCLUDE_SOURCE;
				MTL_FAST_MATH = YES;
				ONLY_ACTIVE_ARCH = YES;
				SDKROOT = iphoneos;
				SWIFT_ACTIVE_COMPILATION_CONDITIONS = "DEBUG $(inherited)";
				SWIFT_OPTIMIZATION_LEVEL = "-Onone";
			};
			name = Debug;
		};
		1AB2825E2C41AF2E006A8AFD /* Release */ = {
			isa = XCBuildConfiguration;
			buildSettings = {
				ALWAYS_SEARCH_USER_PATHS = NO;
				ASSETCATALOG_COMPILER_GENERATE_SWIFT_ASSET_SYMBOL_EXTENSIONS = YES;
				CLANG_ANALYZER_NONNULL = YES;
				CLANG_ANALYZER_NUMBER_OBJECT_CONVERSION = YES_AGGRESSIVE;
				CLANG_CXX_LANGUAGE_STANDARD = "gnu++20";
				CLANG_ENABLE_MODULES = YES;
				CLANG_ENABLE_OBJC_ARC = YES;
				CLANG_ENABLE_OBJC_WEAK = YES;
				CLANG_WARN_BLOCK_CAPTURE_AUTORELEASING = YES;
				CLANG_WARN_BOOL_CONVERSION = YES;
				CLANG_WARN_COMMA = YES;
				CLANG_WARN_CONSTANT_CONVERSION = YES;
				CLANG_WARN_DEPRECATED_OBJC_IMPLEMENTATIONS = YES;
				CLANG_WARN_DIRECT_OBJC_ISA_USAGE = YES_ERROR;
				CLANG_WARN_DOCUMENTATION_COMMENTS = YES;
				CLANG_WARN_EMPTY_BODY = YES;
				CLANG_WARN_ENUM_CONVERSION = YES;
				CLANG_WARN_INFINITE_RECURSION = YES;
				CLANG_WARN_INT_CONVERSION = YES;
				CLANG_WARN_NON_LITERAL_NULL_CONVERSION = YES;
				CLANG_WARN_OBJC_IMPLICIT_RETAIN_SELF = YES;
				CLANG_WARN_OBJC_LITERAL_CONVERSION = YES;
				CLANG_WARN_OBJC_ROOT_CLASS = YES_ERROR;
				CLANG_WARN_QUOTED_INCLUDE_IN_FRAMEWORK_HEADER = YES;
				CLANG_WARN_RANGE_LOOP_ANALYSIS = YES;
				CLANG_WARN_STRICT_PROTOTYPES = YES;
				CLANG_WARN_SUSPICIOUS_MOVE = YES;
				CLANG_WARN_UNGUARDED_AVAILABILITY = YES_AGGRESSIVE;
				CLANG_WARN_UNREACHABLE_CODE = YES;
				CLANG_WARN__DUPLICATE_METHOD_MATCH = YES;
				COPY_PHASE_STRIP = NO;
				DEBUG_INFORMATION_FORMAT = "dwarf-with-dsym";
				ENABLE_NS_ASSERTIONS = NO;
				ENABLE_STRICT_OBJC_MSGSEND = YES;
				ENABLE_USER_SCRIPT_SANDBOXING = YES;
				GCC_C_LANGUAGE_STANDARD = gnu17;
				GCC_NO_COMMON_BLOCKS = YES;
				GCC_WARN_64_TO_32_BIT_CONVERSION = YES;
				GCC_WARN_ABOUT_RETURN_TYPE = YES_ERROR;
				GCC_WARN_UNDECLARED_SELECTOR = YES;
				GCC_WARN_UNINITIALIZED_AUTOS = YES_AGGRESSIVE;
				GCC_WARN_UNUSED_FUNCTION = YES;
				GCC_WARN_UNUSED_VARIABLE = YES;
				IPHONEOS_DEPLOYMENT_TARGET = 17.5;
				LOCALIZATION_PREFERS_STRING_CATALOGS = YES;
				MTL_ENABLE_DEBUG_INFO = NO;
				MTL_FAST_MATH = YES;
				SDKROOT = iphoneos;
				SWIFT_COMPILATION_MODE = wholemodule;
				VALIDATE_PRODUCT = YES;
			};
			name = Release;
		};
		1AB282602C41AF2E006A8AFD /* Debug */ = {
			isa = XCBuildConfiguration;
			buildSettings = {
				ASSETCATALOG_COMPILER_APPICON_NAME = AppIcon;
				ASSETCATALOG_COMPILER_GLOBAL_ACCENT_COLOR_NAME = AccentColor;
				CODE_SIGN_STYLE = Automatic;
				CURRENT_PROJECT_VERSION = 1;
				DEVELOPMENT_ASSET_PATHS = "\"githubtut/Preview Content\"";
				DEVELOPMENT_TEAM = Y7G2ZAYBUK;
				ENABLE_PREVIEWS = YES;
				GENERATE_INFOPLIST_FILE = YES;
				INFOPLIST_KEY_UIApplicationSceneManifest_Generation = YES;
				INFOPLIST_KEY_UIApplicationSupportsIndirectInputEvents = YES;
				INFOPLIST_KEY_UILaunchScreen_Generation = YES;
				INFOPLIST_KEY_UISupportedInterfaceOrientations_iPad = "UIInterfaceOrientationPortrait UIInterfaceOrientationPortraitUpsideDown UIInterfaceOrientationLandscapeLeft UIInterfaceOrientationLandscapeRight";
				INFOPLIST_KEY_UISupportedInterfaceOrientations_iPhone = "UIInterfaceOrientationPortrait UIInterfaceOrientationLandscapeLeft UIInterfaceOrientationLandscapeRight";
				LD_RUNPATH_SEARCH_PATHS = (
					"$(inherited)",
					"@executable_path/Frameworks",
				);
				MARKETING_VERSION = 1.0;
				PRODUCT_BUNDLE_IDENTIFIER = kwk.githubtut;
				PRODUCT_NAME = "$(TARGET_NAME)";
				SWIFT_EMIT_LOC_STRINGS = YES;
				SWIFT_VERSION = 5.0;
				TARGETED_DEVICE_FAMILY = "1,2";
			};
			name = Debug;
		};
		1AB282612C41AF2E006A8AFD /* Release */ = {
			isa = XCBuildConfiguration;
			buildSettings = {
				ASSETCATALOG_COMPILER_APPICON_NAME = AppIcon;
				ASSETCATALOG_COMPILER_GLOBAL_ACCENT_COLOR_NAME = AccentColor;
				CODE_SIGN_STYLE = Automatic;
				CURRENT_PROJECT_VERSION = 1;
				DEVELOPMENT_ASSET_PATHS = "\"githubtut/Preview Content\"";
				DEVELOPMENT_TEAM = Y7G2ZAYBUK;
				ENABLE_PREVIEWS = YES;
				GENERATE_INFOPLIST_FILE = YES;
				INFOPLIST_KEY_UIApplicationSceneManifest_Generation = YES;
				INFOPLIST_KEY_UIApplicationSupportsIndirectInputEvents = YES;
				INFOPLIST_KEY_UILaunchScreen_Generation = YES;
				INFOPLIST_KEY_UISupportedInterfaceOrientations_iPad = "UIInterfaceOrientationPortrait UIInterfaceOrientationPortraitUpsideDown UIInterfaceOrientationLandscapeLeft UIInterfaceOrientationLandscapeRight";
				INFOPLIST_KEY_UISupportedInterfaceOrientations_iPhone = "UIInterfaceOrientationPortrait UIInterfaceOrientationLandscapeLeft UIInterfaceOrientationLandscapeRight";
				LD_RUNPATH_SEARCH_PATHS = (
					"$(inherited)",
					"@executable_path/Frameworks",
				);
				MARKETING_VERSION = 1.0;
				PRODUCT_BUNDLE_IDENTIFIER = kwk.githubtut;
				PRODUCT_NAME = "$(TARGET_NAME)";
				SWIFT_EMIT_LOC_STRINGS = YES;
				SWIFT_VERSION = 5.0;
				TARGETED_DEVICE_FAMILY = "1,2";
			};
			name = Release;
		};
		1AB282632C41AF2E006A8AFD /* Debug */ = {
			isa = XCBuildConfiguration;
			buildSettings = {
				ALWAYS_EMBED_SWIFT_STANDARD_LIBRARIES = YES;
				BUNDLE_LOADER = "$(TEST_HOST)";
				CODE_SIGN_STYLE = Automatic;
				CURRENT_PROJECT_VERSION = 1;
				DEVELOPMENT_TEAM = Y7G2ZAYBUK;
				GENERATE_INFOPLIST_FILE = YES;
				IPHONEOS_DEPLOYMENT_TARGET = 17.5;
				MARKETING_VERSION = 1.0;
				PRODUCT_BUNDLE_IDENTIFIER = kwk.githubtutTests;
				PRODUCT_NAME = "$(TARGET_NAME)";
				SWIFT_EMIT_LOC_STRINGS = NO;
				SWIFT_VERSION = 5.0;
				TARGETED_DEVICE_FAMILY = "1,2";
				TEST_HOST = "$(BUILT_PRODUCTS_DIR)/githubtut.app/$(BUNDLE_EXECUTABLE_FOLDER_PATH)/githubtut";
			};
			name = Debug;
		};
		1AB282642C41AF2E006A8AFD /* Release */ = {
			isa = XCBuildConfiguration;
			buildSettings = {
				ALWAYS_EMBED_SWIFT_STANDARD_LIBRARIES = YES;
				BUNDLE_LOADER = "$(TEST_HOST)";
				CODE_SIGN_STYLE = Automatic;
				CURRENT_PROJECT_VERSION = 1;
				DEVELOPMENT_TEAM = Y7G2ZAYBUK;
				GENERATE_INFOPLIST_FILE = YES;
				IPHONEOS_DEPLOYMENT_TARGET = 17.5;
				MARKETING_VERSION = 1.0;
				PRODUCT_BUNDLE_IDENTIFIER = kwk.githubtutTests;
				PRODUCT_NAME = "$(TARGET_NAME)";
				SWIFT_EMIT_LOC_STRINGS = NO;
				SWIFT_VERSION = 5.0;
				TARGETED_DEVICE_FAMILY = "1,2";
				TEST_HOST = "$(BUILT_PRODUCTS_DIR)/githubtut.app/$(BUNDLE_EXECUTABLE_FOLDER_PATH)/githubtut";
			};
			name = Release;
		};
		1AB282662C41AF2E006A8AFD /* Debug */ = {
			isa = XCBuildConfiguration;
			buildSettings = {
				ALWAYS_EMBED_SWIFT_STANDARD_LIBRARIES = YES;
				CODE_SIGN_STYLE = Automatic;
				CURRENT_PROJECT_VERSION = 1;
				DEVELOPMENT_TEAM = Y7G2ZAYBUK;
				GENERATE_INFOPLIST_FILE = YES;
				MARKETING_VERSION = 1.0;
				PRODUCT_BUNDLE_IDENTIFIER = kwk.githubtutUITests;
				PRODUCT_NAME = "$(TARGET_NAME)";
				SWIFT_EMIT_LOC_STRINGS = NO;
				SWIFT_VERSION = 5.0;
				TARGETED_DEVICE_FAMILY = "1,2";
				TEST_TARGET_NAME = githubtut;
			};
			name = Debug;
		};
		1AB282672C41AF2E006A8AFD /* Release */ = {
			isa = XCBuildConfiguration;
			buildSettings = {
				ALWAYS_EMBED_SWIFT_STANDARD_LIBRARIES = YES;
				CODE_SIGN_STYLE = Automatic;
				CURRENT_PROJECT_VERSION = 1;
				DEVELOPMENT_TEAM = Y7G2ZAYBUK;
				GENERATE_INFOPLIST_FILE = YES;
				MARKETING_VERSION = 1.0;
				PRODUCT_BUNDLE_IDENTIFIER = kwk.githubtutUITests;
				PRODUCT_NAME = "$(TARGET_NAME)";
				SWIFT_EMIT_LOC_STRINGS = NO;
				SWIFT_VERSION = 5.0;
				TARGETED_DEVICE_FAMILY = "1,2";
				TEST_TARGET_NAME = githubtut;
			};
			name = Release;
		};
/* End XCBuildConfiguration section */

/* Begin XCConfigurationList section */
		1AB282362C41AF24006A8AFD /* Build configuration list for PBXProject "githubtut" */ = {
			isa = XCConfigurationList;
			buildConfigurations = (
				1AB2825D2C41AF2E006A8AFD /* Debug */,
				1AB2825E2C41AF2E006A8AFD /* Release */,
			);
			defaultConfigurationIsVisible = 0;
			defaultConfigurationName = Release;
		};
		1AB2825F2C41AF2E006A8AFD /* Build configuration list for PBXNativeTarget "githubtut" */ = {
			isa = XCConfigurationList;
			buildConfigurations = (
				1AB282602C41AF2E006A8AFD /* Debug */,
				1AB282612C41AF2E006A8AFD /* Release */,
			);
			defaultConfigurationIsVisible = 0;
			defaultConfigurationName = Release;
		};
		1AB282622C41AF2E006A8AFD /* Build configuration list for PBXNativeTarget "githubtutTests" */ = {
			isa = XCConfigurationList;
			buildConfigurations = (
				1AB282632C41AF2E006A8AFD /* Debug */,
				1AB282642C41AF2E006A8AFD /* Release */,
			);
			defaultConfigurationIsVisible = 0;
			defaultConfigurationName = Release;
		};
		1AB282652C41AF2E006A8AFD /* Build configuration list for PBXNativeTarget "githubtutUITests" */ = {
			isa = XCConfigurationList;
			buildConfigurations = (
				1AB282662C41AF2E006A8AFD /* Debug */,
				1AB282672C41AF2E006A8AFD /* Release */,
			);
			defaultConfigurationIsVisible = 0;
			defaultConfigurationName = Release;
		};
/* End XCConfigurationList section */
	};
	rootObject = 1AB282332C41AF24006A8AFD /* Project object */;
}
